
Microsoft Visual Studio Solution File, Format Version 12.00
# Visual Studio Version 17
VisualStudioVersion = 17.8.34525.116
MinimumVisualStudioVersion = 10.0.40219.1
Project("{FAE04EC0-301F-11D3-BF4B-00C04F79EFBC}") = "MaraSoundsMachine", "MaraSoundsMachine.csproj", "{37FCFDB4-D52C-4521-BD10-703F9685A22C}"
EndProject
Global
	GlobalSection(SolutionConfigurationPlatforms) = preSolution
		Debug|Any CPU = Debug|Any CPU
		Release|Any CPU = Release|Any CPU
	EndGlobalSection
	GlobalSection(ProjectConfigurationPlatforms) = postSolution
		{37FCFDB4-D52C-4521-BD10-703F9685A22C}.Debug|Any CPU.ActiveCfg = Debug|Any CPU
		{37FCFDB4-D52C-4521-BD10-703F9685A22C}.Debug|Any CPU.Build.0 = Debug|Any CPU
		{37FCFDB4-D52C-4521-BD10-703F9685A22C}.Release|Any CPU.ActiveCfg = Release|Any CPU
		{37FCFDB4-D52C-4521-BD10-703F9685A22C}.Release|Any CPU.Build.0 = Release|Any CPU
	EndGlobalSection
	GlobalSection(SolutionProperties) = preSolution
		HideSolutionNode = FALSE
	EndGlobalSection
	GlobalSection(ExtensibilityGlobals) = postSolution
		SolutionGuid = {0015EE99-A2A6-44D6-9211-C3AABA77A9A1}
	EndGlobalSection
EndGlobal
